
Microsoft Visual Studio Solution File, Format Version 12.00
# Visual Studio Version 17
VisualStudioVersion = 17.9.34616.47
MinimumVisualStudioVersion = 10.0.40219.1
Project("{FAE04EC0-301F-11D3-BF4B-00C04F79EFBC}") = "TestSLC2LDF", "TestSLC2LDF.csproj", "{47F5C2EF-5572-4FD3-8E17-C86429FBDA1A}"
EndProject
Global
	GlobalSection(SolutionConfigurationPlatforms) = preSolution
		Debug|Any CPU = Debug|Any CPU
		Release|Any CPU = Release|Any CPU
	EndGlobalSection
	GlobalSection(ProjectConfigurationPlatforms) = postSolution
		{47F5C2EF-5572-4FD3-8E17-C86429FBDA1A}.Debug|Any CPU.ActiveCfg = Debug|Any CPU
		{47F5C2EF-5572-4FD3-8E17-C86429FBDA1A}.Debug|Any CPU.Build.0 = Debug|Any CPU
		{47F5C2EF-5572-4FD3-8E17-C86429FBDA1A}.Release|Any CPU.ActiveCfg = Release|Any CPU
		{47F5C2EF-5572-4FD3-8E17-C86429FBDA1A}.Release|Any CPU.Build.0 = Release|Any CPU
	EndGlobalSection
	GlobalSection(SolutionProperties) = preSolution
		HideSolutionNode = FALSE
	EndGlobalSection
	GlobalSection(ExtensibilityGlobals) = postSolution
		SolutionGuid = {B19686EF-FBF5-4B86-93AB-2ECA27A10C21}
	EndGlobalSection
EndGlobal
